
Microsoft Visual Studio Solution File, Format Version 12.00
# Visual Studio 15
VisualStudioVersion = 15.0.27130.2036
MinimumVisualStudioVersion = 10.0.40219.1
Project("{FAE04EC0-301F-11D3-BF4B-00C04F79EFBC}") = "aaaaaa", "aaaaaa\aaaaaa.csproj", "{153455E6-4F5C-4669-808A-B9CEB1FCDE70}"
EndProject
Global
	GlobalSection(SolutionConfigurationPlatforms) = preSolution
		Debug|Any CPU = Debug|Any CPU
		Release|Any CPU = Release|Any CPU
	EndGlobalSection
	GlobalSection(ProjectConfigurationPlatforms) = postSolution
		{153455E6-4F5C-4669-808A-B9CEB1FCDE70}.Debug|Any CPU.ActiveCfg = Debug|Any CPU
		{153455E6-4F5C-4669-808A-B9CEB1FCDE70}.Debug|Any CPU.Build.0 = Debug|Any CPU
		{153455E6-4F5C-4669-808A-B9CEB1FCDE70}.Release|Any CPU.ActiveCfg = Release|Any CPU
		{153455E6-4F5C-4669-808A-B9CEB1FCDE70}.Release|Any CPU.Build.0 = Release|Any CPU
	EndGlobalSection
	GlobalSection(SolutionProperties) = preSolution
		HideSolutionNode = FALSE
	EndGlobalSection
	GlobalSection(ExtensibilityGlobals) = postSolution
		SolutionGuid = {96D8C193-9FE4-4662-AA49-AB56D2328B58}
	EndGlobalSection
EndGlobal
